
Microsoft Visual Studio Solution File, Format Version 12.00
# Visual Studio Version 17
VisualStudioVersion = 17.8.34330.188
MinimumVisualStudioVersion = 10.0.40219.1
Project("{9A19103F-16F7-4668-BE54-9A1E7A4F7556}") = "AutomobileLibrary", "AutomobileLibrary.csproj", "{E7D72162-D74A-4FAA-AC2D-79693CF7A1A7}"
EndProject
Project("{9A19103F-16F7-4668-BE54-9A1E7A4F7556}") = "AutomobileWinApp", "..\AutomobileWinApp\AutomobileWinApp.csproj", "{B004D892-F42B-47B7-84F3-072DD74C9898}"
EndProject
Global
	GlobalSection(SolutionConfigurationPlatforms) = preSolution
		Debug|Any CPU = Debug|Any CPU
		Release|Any CPU = Release|Any CPU
	EndGlobalSection
	GlobalSection(ProjectConfigurationPlatforms) = postSolution
		{E7D72162-D74A-4FAA-AC2D-79693CF7A1A7}.Debug|Any CPU.ActiveCfg = Debug|Any CPU
		{E7D72162-D74A-4FAA-AC2D-79693CF7A1A7}.Debug|Any CPU.Build.0 = Debug|Any CPU
		{E7D72162-D74A-4FAA-AC2D-79693CF7A1A7}.Release|Any CPU.ActiveCfg = Release|Any CPU
		{E7D72162-D74A-4FAA-AC2D-79693CF7A1A7}.Release|Any CPU.Build.0 = Release|Any CPU
		{B004D892-F42B-47B7-84F3-072DD74C9898}.Debug|Any CPU.ActiveCfg = Debug|Any CPU
		{B004D892-F42B-47B7-84F3-072DD74C9898}.Debug|Any CPU.Build.0 = Debug|Any CPU
		{B004D892-F42B-47B7-84F3-072DD74C9898}.Release|Any CPU.ActiveCfg = Release|Any CPU
		{B004D892-F42B-47B7-84F3-072DD74C9898}.Release|Any CPU.Build.0 = Release|Any CPU
	EndGlobalSection
	GlobalSection(SolutionProperties) = preSolution
		HideSolutionNode = FALSE
	EndGlobalSection
	GlobalSection(ExtensibilityGlobals) = postSolution
		SolutionGuid = {0BFC78F1-D709-4A8C-BC8B-F88FE89B4019}
	EndGlobalSection
EndGlobal
